// !$*UTF8*$!
{
	archiveVersion = 1;
	classes = {
	};
	objectVersion = 50;
	objects = {

/* Begin PBXBuildFile section */
		1A21865F2107635700A0DFD1 /* LoginViewController.swift in Sources */ = {isa = PBXBuildFile; fileRef = 1A21865E2107635700A0DFD1 /* LoginViewController.swift */; };
		1A7CC0282107511C00C8AECE /* AppDelegate.swift in Sources */ = {isa = PBXBuildFile; fileRef = 1A7CC0272107511C00C8AECE /* AppDelegate.swift */; };
		1A7CC02A2107511C00C8AECE /* ViewController.swift in Sources */ = {isa = PBXBuildFile; fileRef = 1A7CC0292107511C00C8AECE /* ViewController.swift */; };
		1A7CC02D2107511C00C8AECE /* Main.storyboard in Resources */ = {isa = PBXBuildFile; fileRef = 1A7CC02B2107511C00C8AECE /* Main.storyboard */; };
		1A7CC02F2107511E00C8AECE /* Assets.xcassets in Resources */ = {isa = PBXBuildFile; fileRef = 1A7CC02E2107511E00C8AECE /* Assets.xcassets */; };
		1A7CC0322107511E00C8AECE /* LaunchScreen.storyboard in Resources */ = {isa = PBXBuildFile; fileRef = 1A7CC0302107511E00C8AECE /* LaunchScreen.storyboard */; };
		1A7CC03A2107516400C8AECE /* GoogleService-Info.plist in Resources */ = {isa = PBXBuildFile; fileRef = 1A7CC0392107516400C8AECE /* GoogleService-Info.plist */; };
		3348674708029E06E42E060C /* Pods_osagari.framework in Frameworks */ = {isa = PBXBuildFile; fileRef = 2207260CCC84B3759E78BEF4 /* Pods_osagari.framework */; };
/* End PBXBuildFile section */

/* Begin PBXFileReference section */
		1A21865E2107635700A0DFD1 /* LoginViewController.swift */ = {isa = PBXFileReference; lastKnownFileType = sourcecode.swift; path = LoginViewController.swift; sourceTree = "<group>"; };
		1A7CC0242107511C00C8AECE /* osagari.app */ = {isa = PBXFileReference; explicitFileType = wrapper.application; includeInIndex = 0; path = osagari.app; sourceTree = BUILT_PRODUCTS_DIR; };
		1A7CC0272107511C00C8AECE /* AppDelegate.swift */ = {isa = PBXFileReference; lastKnownFileType = sourcecode.swift; path = AppDelegate.swift; sourceTree = "<group>"; };
		1A7CC0292107511C00C8AECE /* ViewController.swift */ = {isa = PBXFileReference; lastKnownFileType = sourcecode.swift; path = ViewController.swift; sourceTree = "<group>"; };
		1A7CC02C2107511C00C8AECE /* Base */ = {isa = PBXFileReference; lastKnownFileType = file.storyboard; name = Base; path = Base.lproj/Main.storyboard; sourceTree = "<group>"; };
		1A7CC02E2107511E00C8AECE /* Assets.xcassets */ = {isa = PBXFileReference; lastKnownFileType = folder.assetcatalog; path = Assets.xcassets; sourceTree = "<group>"; };
		1A7CC0312107511E00C8AECE /* Base */ = {isa = PBXFileReference; lastKnownFileType = file.storyboard; name = Base; path = Base.lproj/LaunchScreen.storyboard; sourceTree = "<group>"; };
		1A7CC0332107511E00C8AECE /* Info.plist */ = {isa = PBXFileReference; lastKnownFileType = text.plist.xml; path = Info.plist; sourceTree = "<group>"; };
		1A7CC0392107516400C8AECE /* GoogleService-Info.plist */ = {isa = PBXFileReference; fileEncoding = 4; lastKnownFileType = text.plist.xml; path = "GoogleService-Info.plist"; sourceTree = "<group>"; };
		2207260CCC84B3759E78BEF4 /* Pods_osagari.framework */ = {isa = PBXFileReference; explicitFileType = wrapper.framework; includeInIndex = 0; path = Pods_osagari.framework; sourceTree = BUILT_PRODUCTS_DIR; };
		7027CADB90F6C3C63E059888 /* Pods-osagari.release.xcconfig */ = {isa = PBXFileReference; includeInIndex = 1; lastKnownFileType = text.xcconfig; name = "Pods-osagari.release.xcconfig"; path = "Pods/Target Support Files/Pods-osagari/Pods-osagari.release.xcconfig"; sourceTree = "<group>"; };
		9F4BC4855BA3063800BC2AAD /* Pods-osagari.debug.xcconfig */ = {isa = PBXFileReference; includeInIndex = 1; lastKnownFileType = text.xcconfig; name = "Pods-osagari.debug.xcconfig"; path = "Pods/Target Support Files/Pods-osagari/Pods-osagari.debug.xcconfig"; sourceTree = "<group>"; };
/* End PBXFileReference section */

/* Begin PBXFrameworksBuildPhase section */
		1A7CC0212107511C00C8AECE /* Frameworks */ = {
			isa = PBXFrameworksBuildPhase;
			buildActionMask = 2147483647;
			files = (
				3348674708029E06E42E060C /* Pods_osagari.framework in Frameworks */,
			);
			runOnlyForDeploymentPostprocessing = 0;
		};
/* End PBXFrameworksBuildPhase section */

/* Begin PBXGroup section */
		1A7CC01B2107511C00C8AECE = {
			isa = PBXGroup;
			children = (
				1A7CC0262107511C00C8AECE /* osagari */,
				1A7CC0252107511C00C8AECE /* Products */,
				DEF8F47301B686318CA7FF57 /* Pods */,
				DAAA32E58C7B700B40DCBD09 /* Frameworks */,
			);
			sourceTree = "<group>";
		};
		1A7CC0252107511C00C8AECE /* Products */ = {
			isa = PBXGroup;
			children = (
				1A7CC0242107511C00C8AECE /* osagari.app */,
			);
			name = Products;
			sourceTree = "<group>";
		};
		1A7CC0262107511C00C8AECE /* osagari */ = {
			isa = PBXGroup;
			children = (
				1A7CC0272107511C00C8AECE /* AppDelegate.swift */,
				1A7CC0292107511C00C8AECE /* ViewController.swift */,
				1A21865E2107635700A0DFD1 /* LoginViewController.swift */,
				1A7CC02B2107511C00C8AECE /* Main.storyboard */,
				1A7CC02E2107511E00C8AECE /* Assets.xcassets */,
				1A7CC0302107511E00C8AECE /* LaunchScreen.storyboard */,
				1A7CC0392107516400C8AECE /* GoogleService-Info.plist */,
				1A7CC0332107511E00C8AECE /* Info.plist */,
			);
			path = osagari;
			sourceTree = "<group>";
		};
		DAAA32E58C7B700B40DCBD09 /* Frameworks */ = {
			isa = PBXGroup;
			children = (
				2207260CCC84B3759E78BEF4 /* Pods_osagari.framework */,
			);
			name = Frameworks;
			sourceTree = "<group>";
		};
		DEF8F47301B686318CA7FF57 /* Pods */ = {
			isa = PBXGroup;
			children = (
				9F4BC4855BA3063800BC2AAD /* Pods-osagari.debug.xcconfig */,
				7027CADB90F6C3C63E059888 /* Pods-osagari.release.xcconfig */,
			);
			name = Pods;
			sourceTree = "<group>";
		};
/* End PBXGroup section */

/* Begin PBXNativeTarget section */
		1A7CC0232107511C00C8AECE /* osagari */ = {
			isa = PBXNativeTarget;
			buildConfigurationList = 1A7CC0362107511E00C8AECE /* Build configuration list for PBXNativeTarget "osagari" */;
			buildPhases = (
				4C98804CD92FC648FFFA814D /* [CP] Check Pods Manifest.lock */,
				1A7CC0202107511C00C8AECE /* Sources */,
				1A7CC0212107511C00C8AECE /* Frameworks */,
				1A7CC0222107511C00C8AECE /* Resources */,
				8A85D17DB816C01870DCC1F8 /* [CP] Embed Pods Frameworks */,
			);
			buildRules = (
			);
			dependencies = (
			);
			name = osagari;
			productName = osagari;
			productReference = 1A7CC0242107511C00C8AECE /* osagari.app */;
			productType = "com.apple.product-type.application";
		};
/* End PBXNativeTarget section */

/* Begin PBXProject section */
		1A7CC01C2107511C00C8AECE /* Project object */ = {
			isa = PBXProject;
			attributes = {
				LastSwiftUpdateCheck = 0940;
				LastUpgradeCheck = 0940;
				ORGANIZATIONNAME = "Shingo Tomoto";
				TargetAttributes = {
					1A7CC0232107511C00C8AECE = {
						CreatedOnToolsVersion = 9.4.1;
					};
				};
			};
			buildConfigurationList = 1A7CC01F2107511C00C8AECE /* Build configuration list for PBXProject "osagari" */;
			compatibilityVersion = "Xcode 9.3";
			developmentRegion = en;
			hasScannedForEncodings = 0;
			knownRegions = (
				en,
				Base,
			);
			mainGroup = 1A7CC01B2107511C00C8AECE;
			productRefGroup = 1A7CC0252107511C00C8AECE /* Products */;
			projectDirPath = "";
			projectRoot = "";
			targets = (
				1A7CC0232107511C00C8AECE /* osagari */,
			);
		};
/* End PBXProject section */

/* Begin PBXResourcesBuildPhase section */
		1A7CC0222107511C00C8AECE /* Resources */ = {
			isa = PBXResourcesBuildPhase;
			buildActionMask = 2147483647;
			files = (
				1A7CC0322107511E00C8AECE /* LaunchScreen.storyboard in Resources */,
				1A7CC03A2107516400C8AECE /* GoogleService-Info.plist in Resources */,
				1A7CC02F2107511E00C8AECE /* Assets.xcassets in Resources */,
				1A7CC02D2107511C00C8AECE /* Main.storyboard in Resources */,
			);
			runOnlyForDeploymentPostprocessing = 0;
		};
/* End PBXResourcesBuildPhase section */

/* Begin PBXShellScriptBuildPhase section */
		4C98804CD92FC648FFFA814D /* [CP] Check Pods Manifest.lock */ = {
			isa = PBXShellScriptBuildPhase;
			buildActionMask = 2147483647;
			files = (
			);
			inputPaths = (
				"${PODS_PODFILE_DIR_PATH}/Podfile.lock",
				"${PODS_ROOT}/Manifest.lock",
			);
			name = "[CP] Check Pods Manifest.lock";
			outputPaths = (
				"$(DERIVED_FILE_DIR)/Pods-osagari-checkManifestLockResult.txt",
			);
			runOnlyForDeploymentPostprocessing = 0;
			shellPath = /bin/sh;
			shellScript = "diff \"${PODS_PODFILE_DIR_PATH}/Podfile.lock\" \"${PODS_ROOT}/Manifest.lock\" > /dev/null\nif [ $? != 0 ] ; then\n    # print error to STDERR\n    echo \"error: The sandbox is not in sync with the Podfile.lock. Run 'pod install' or update your CocoaPods installation.\" >&2\n    exit 1\nfi\n# This output is used by Xcode 'outputs' to avoid re-running this script phase.\necho \"SUCCESS\" > \"${SCRIPT_OUTPUT_FILE_0}\"\n";
			showEnvVarsInLog = 0;
		};
		8A85D17DB816C01870DCC1F8 /* [CP] Embed Pods Frameworks */ = {
			isa = PBXShellScriptBuildPhase;
			buildActionMask = 2147483647;
			files = (
			);
			inputPaths = (
				"${SRCROOT}/Pods/Target Support Files/Pods-osagari/Pods-osagari-frameworks.sh",
				"${BUILT_PRODUCTS_DIR}/GTMSessionFetcher/GTMSessionFetcher.framework",
				"${BUILT_PRODUCTS_DIR}/GoogleToolboxForMac/GoogleToolboxForMac.framework",
				"${BUILT_PRODUCTS_DIR}/leveldb-library/leveldb.framework",
				"${BUILT_PRODUCTS_DIR}/nanopb/nanopb.framework",
			);
			name = "[CP] Embed Pods Frameworks";
			outputPaths = (
				"${TARGET_BUILD_DIR}/${FRAMEWORKS_FOLDER_PATH}/GTMSessionFetcher.framework",
				"${TARGET_BUILD_DIR}/${FRAMEWORKS_FOLDER_PATH}/GoogleToolboxForMac.framework",
				"${TARGET_BUILD_DIR}/${FRAMEWORKS_FOLDER_PATH}/leveldb.framework",
				"${TARGET_BUILD_DIR}/${FRAMEWORKS_FOLDER_PATH}/nanopb.framework",
			);
			runOnlyForDeploymentPostprocessing = 0;
			shellPath = /bin/sh;
			shellScript = "\"${SRCROOT}/Pods/Target Support Files/Pods-osagari/Pods-osagari-frameworks.sh\"\n";
			showEnvVarsInLog = 0;
		};
/* End PBXShellScriptBuildPhase section */

/* Begin PBXSourcesBuildPhase section */
		1A7CC0202107511C00C8AECE /* Sources */ = {
			isa = PBXSourcesBuildPhase;
			buildActionMask = 2147483647;
			files = (
				1A21865F2107635700A0DFD1 /* LoginViewController.swift in Sources */,
				1A7CC02A2107511C00C8AECE /* ViewController.swift in Sources */,
				1A7CC0282107511C00C8AECE /* AppDelegate.swift in Sources */,
			);
			runOnlyForDeploymentPostprocessing = 0;
		};
/* End PBXSourcesBuildPhase section */

/* Begin PBXVariantGroup section */
		1A7CC02B2107511C00C8AECE /* Main.storyboard */ = {
			isa = PBXVariantGroup;
			children = (
				1A7CC02C2107511C00C8AECE /* Base */,
			);
			name = Main.storyboard;
			sourceTree = "<group>";
		};
		1A7CC0302107511E00C8AECE /* LaunchScreen.storyboard */ = {
			isa = PBXVariantGroup;
			children = (
				1A7CC0312107511E00C8AECE /* Base */,
			);
			name = LaunchScreen.storyboard;
			sourceTree = "<group>";
		};
/* End PBXVariantGroup section */

/* Begin XCBuildConfiguration section */
		1A7CC0342107511E00C8AECE /* Debug */ = {
			isa = XCBuildConfiguration;
			buildSettings = {
				ALWAYS_SEARCH_USER_PATHS = NO;
				CLANG_ANALYZER_NONNULL = YES;
				CLANG_ANALYZER_NUMBER_OBJECT_CONVERSION = YES_AGGRESSIVE;
				CLANG_CXX_LANGUAGE_STANDARD = "gnu++14";
				CLANG_CXX_LIBRARY = "libc++";
				CLANG_ENABLE_MODULES = YES;
				CLANG_ENABLE_OBJC_ARC = YES;
				CLANG_ENABLE_OBJC_WEAK = YES;
				CLANG_WARN_BLOCK_CAPTURE_AUTORELEASING = YES;
				CLANG_WARN_BOOL_CONVERSION = YES;
				CLANG_WARN_COMMA = YES;
				CLANG_WARN_CONSTANT_CONVERSION = YES;
				CLANG_WARN_DEPRECATED_OBJC_IMPLEMENTATIONS = YES;
				CLANG_WARN_DIRECT_OBJC_ISA_USAGE = YES_ERROR;
				CLANG_WARN_DOCUMENTATION_COMMENTS = YES;
				CLANG_WARN_EMPTY_BODY = YES;
				CLANG_WARN_ENUM_CONVERSION = YES;
				CLANG_WARN_INFINITE_RECURSION = YES;
				CLANG_WARN_INT_CONVERSION = YES;
				CLANG_WARN_NON_LITERAL_NULL_CONVERSION = YES;
				CLANG_WARN_OBJC_IMPLICIT_RETAIN_SELF = YES;
				CLANG_WARN_OBJC_LITERAL_CONVERSION = YES;
				CLANG_WARN_OBJC_ROOT_CLASS = YES_ERROR;
				CLANG_WARN_RANGE_LOOP_ANALYSIS = YES;
				CLANG_WARN_STRICT_PROTOTYPES = YES;
				CLANG_WARN_SUSPICIOUS_MOVE = YES;
				CLANG_WARN_UNGUARDED_AVAILABILITY = YES_AGGRESSIVE;
				CLANG_WARN_UNREACHABLE_CODE = YES;
				CLANG_WARN__DUPLICATE_METHOD_MATCH = YES;
				CODE_SIGN_IDENTITY = "iPhone Developer";
				COPY_PHASE_STRIP = NO;
				DEBUG_INFORMATION_FORMAT = dwarf;
				ENABLE_STRICT_OBJC_MSGSEND = YES;
				ENABLE_TESTABILITY = YES;
				GCC_C_LANGUAGE_STANDARD = gnu11;
				GCC_DYNAMIC_NO_PIC = NO;
				GCC_NO_COMMON_BLOCKS = YES;
				GCC_OPTIMIZATION_LEVEL = 0;
				GCC_PREPROCESSOR_DEFINITIONS = (
					"DEBUG=1",
					"$(inherited)",
				);
				GCC_WARN_64_TO_32_BIT_CONVERSION = YES;
				GCC_WARN_ABOUT_RETURN_TYPE = YES_ERROR;
				GCC_WARN_UNDECLARED_SELECTOR = YES;
				GCC_WARN_UNINITIALIZED_AUTOS = YES_AGGRESSIVE;
				GCC_WARN_UNUSED_FUNCTION = YES;
				GCC_WARN_UNUSED_VARIABLE = YES;
				IPHONEOS_DEPLOYMENT_TARGET = 11.4;
				MTL_ENABLE_DEBUG_INFO = YES;
				ONLY_ACTIVE_ARCH = YES;
				SDKROOT = iphoneos;
				SWIFT_ACTIVE_COMPILATION_CONDITIONS = DEBUG;
				SWIFT_OPTIMIZATION_LEVEL = "-Onone";
			};
			name = Debug;
		};
		1A7CC0352107511E00C8AECE /* Release */ = {
			isa = XCBuildConfiguration;
			buildSettings = {
				ALWAYS_SEARCH_USER_PATHS = NO;
				CLANG_ANALYZER_NONNULL = YES;
				CLANG_ANALYZER_NUMBER_OBJECT_CONVERSION = YES_AGGRESSIVE;
				CLANG_CXX_LANGUAGE_STANDARD = "gnu++14";
				CLANG_CXX_LIBRARY = "libc++";
				CLANG_ENABLE_MODULES = YES;
				CLANG_ENABLE_OBJC_ARC = YES;
				CLANG_ENABLE_OBJC_WEAK = YES;
				CLANG_WARN_BLOCK_CAPTURE_AUTORELEASING = YES;
				CLANG_WARN_BOOL_CONVERSION = YES;
				CLANG_WARN_COMMA = YES;
				CLANG_WARN_CONSTANT_CONVERSION = YES;
				CLANG_WARN_DEPRECATED_OBJC_IMPLEMENTATIONS = YES;
				CLANG_WARN_DIRECT_OBJC_ISA_USAGE = YES_ERROR;
				CLANG_WARN_DOCUMENTATION_COMMENTS = YES;
				CLANG_WARN_EMPTY_BODY = YES;
				CLANG_WARN_ENUM_CONVERSION = YES;
				CLANG_WARN_INFINITE_RECURSION = YES;
				CLANG_WARN_INT_CONVERSION = YES;
				CLANG_WARN_NON_LITERAL_NULL_CONVERSION = YES;
				CLANG_WARN_OBJC_IMPLICIT_RETAIN_SELF = YES;
				CLANG_WARN_OBJC_LITERAL_CONVERSION = YES;
				CLANG_WARN_OBJC_ROOT_CLASS = YES_ERROR;
				CLANG_WARN_RANGE_LOOP_ANALYSIS = YES;
				CLANG_WARN_STRICT_PROTOTYPES = YES;
				CLANG_WARN_SUSPICIOUS_MOVE = YES;
				CLANG_WARN_UNGUARDED_AVAILABILITY = YES_AGGRESSIVE;
				CLANG_WARN_UNREACHABLE_CODE = YES;
				CLANG_WARN__DUPLICATE_METHOD_MATCH = YES;
				CODE_SIGN_IDENTITY = "iPhone Developer";
				COPY_PHASE_STRIP = NO;
				DEBUG_INFORMATION_FORMAT = "dwarf-with-dsym";
				ENABLE_NS_ASSERTIONS = NO;
				ENABLE_STRICT_OBJC_MSGSEND = YES;
				GCC_C_LANGUAGE_STANDARD = gnu11;
				GCC_NO_COMMON_BLOCKS = YES;
				GCC_WARN_64_TO_32_BIT_CONVERSION = YES;
				GCC_WARN_ABOUT_RETURN_TYPE = YES_ERROR;
				GCC_WARN_UNDECLARED_SELECTOR = YES;
				GCC_WARN_UNINITIALIZED_AUTOS = YES_AGGRESSIVE;
				GCC_WARN_UNUSED_FUNCTION = YES;
				GCC_WARN_UNUSED_VARIABLE = YES;
				IPHONEOS_DEPLOYMENT_TARGET = 11.4;
				MTL_ENABLE_DEBUG_INFO = NO;
				SDKROOT = iphoneos;
				SWIFT_COMPILATION_MODE = wholemodule;
				SWIFT_OPTIMIZATION_LEVEL = "-O";
				VALIDATE_PRODUCT = YES;
			};
			name = Release;
		};
		1A7CC0372107511E00C8AECE /* Debug */ = {
			isa = XCBuildConfiguration;
			baseConfigurationReference = 9F4BC4855BA3063800BC2AAD /* Pods-osagari.debug.xcconfig */;
			buildSettings = {
				ASSETCATALOG_COMPILER_APPICON_NAME = AppIcon;
				CODE_SIGN_STYLE = Automatic;
				DEVELOPMENT_TEAM = Y94VH8FVGD;
				INFOPLIST_FILE = osagari/Info.plist;
				LD_RUNPATH_SEARCH_PATHS = (
					"$(inherited)",
					"@executable_path/Frameworks",
				);
				PRODUCT_BUNDLE_IDENTIFIER = com.shingo.osagari;
				PRODUCT_NAME = "$(TARGET_NAME)";
				SWIFT_VERSION = 4.0;
				TARGETED_DEVICE_FAMILY = "1,2";
			};
			name = Debug;
		};
		1A7CC0382107511E00C8AECE /* Release */ = {
			isa = XCBuildConfiguration;
			baseConfigurationReference = 7027CADB90F6C3C63E059888 /* Pods-osagari.release.xcconfig */;
			buildSettings = {
				ASSETCATALOG_COMPILER_APPICON_NAME = AppIcon;
				CODE_SIGN_STYLE = Automatic;
				DEVELOPMENT_TEAM = Y94VH8FVGD;
				INFOPLIST_FILE = osagari/Info.plist;
				LD_RUNPATH_SEARCH_PATHS = (
					"$(inherited)",
					"@executable_path/Frameworks",
				);
				PRODUCT_BUNDLE_IDENTIFIER = com.shingo.osagari;
				PRODUCT_NAME = "$(TARGET_NAME)";
				SWIFT_VERSION = 4.0;
				TARGETED_DEVICE_FAMILY = "1,2";
			};
			name = Release;
		};
/* End XCBuildConfiguration section */

/* Begin XCConfigurationList section */
		1A7CC01F2107511C00C8AECE /* Build configuration list for PBXProject "osagari" */ = {
			isa = XCConfigurationList;
			buildConfigurations = (
				1A7CC0342107511E00C8AECE /* Debug */,
				1A7CC0352107511E00C8AECE /* Release */,
			);
			defaultConfigurationIsVisible = 0;
			defaultConfigurationName = Release;
		};
		1A7CC0362107511E00C8AECE /* Build configuration list for PBXNativeTarget "osagari" */ = {
			isa = XCConfigurationList;
			buildConfigurations = (
				1A7CC0372107511E00C8AECE /* Debug */,
				1A7CC0382107511E00C8AECE /* Release */,
			);
			defaultConfigurationIsVisible = 0;
			defaultConfigurationName = Release;
		};
/* End XCConfigurationList section */
	};
	rootObject = 1A7CC01C2107511C00C8AECE /* Project object */;
}
